
Microsoft Visual Studio Solution File, Format Version 12.00
# Visual Studio Version 16
VisualStudioVersion = 25.0.1705.6
MinimumVisualStudioVersion = 10.0.40219.1
Project("{FAE04EC0-301F-11D3-BF4B-00C04F79EFBC}") = "ConsoleApp", "ConsoleApp\ConsoleApp.csproj", "{B6F8513D-BCC1-48A9-8B2B-BD63AE518DEF}"
EndProject
Global
	GlobalSection(SolutionConfigurationPlatforms) = preSolution
		Debug|Any CPU = Debug|Any CPU
		Release|Any CPU = Release|Any CPU
	EndGlobalSection
	GlobalSection(ProjectConfigurationPlatforms) = postSolution
		{B6F8513D-BCC1-48A9-8B2B-BD63AE518DEF}.Debug|Any CPU.ActiveCfg = Debug|Any CPU
		{B6F8513D-BCC1-48A9-8B2B-BD63AE518DEF}.Debug|Any CPU.Build.0 = Debug|Any CPU
		{B6F8513D-BCC1-48A9-8B2B-BD63AE518DEF}.Release|Any CPU.ActiveCfg = Release|Any CPU
		{B6F8513D-BCC1-48A9-8B2B-BD63AE518DEF}.Release|Any CPU.Build.0 = Release|Any CPU
	EndGlobalSection
	GlobalSection(SolutionProperties) = preSolution
		HideSolutionNode = FALSE
	EndGlobalSection
	GlobalSection(ExtensibilityGlobals) = postSolution
		SolutionGuid = {96F05A6E-D48B-454C-BE46-6E8303F1EA96}
	EndGlobalSection
EndGlobal
